
Microsoft Visual Studio Solution File, Format Version 12.00
# Visual Studio Version 16
VisualStudioVersion = 16.0.29503.13
MinimumVisualStudioVersion = 10.0.40219.1
Project("{FAE04EC0-301F-11D3-BF4B-00C04F79EFBC}") = "Consulta_reportes", "Consulta_reportes\Consulta_reportes.csproj", "{4E1CCDFE-1979-47EA-AFB9-47F28A50542A}"
EndProject
Project("{FAE04EC0-301F-11D3-BF4B-00C04F79EFBC}") = "Connection", "Connection\Connection.csproj", "{19AEBD3B-7561-404D-820C-B5A07A660D23}"
EndProject
Global
	GlobalSection(SolutionConfigurationPlatforms) = preSolution
		Debug|Any CPU = Debug|Any CPU
		Release|Any CPU = Release|Any CPU
	EndGlobalSection
	GlobalSection(ProjectConfigurationPlatforms) = postSolution
		{4E1CCDFE-1979-47EA-AFB9-47F28A50542A}.Debug|Any CPU.ActiveCfg = Release|Any CPU
		{4E1CCDFE-1979-47EA-AFB9-47F28A50542A}.Release|Any CPU.ActiveCfg = Release|Any CPU
		{4E1CCDFE-1979-47EA-AFB9-47F28A50542A}.Release|Any CPU.Build.0 = Release|Any CPU
		{19AEBD3B-7561-404D-820C-B5A07A660D23}.Debug|Any CPU.ActiveCfg = Debug|Any CPU
		{19AEBD3B-7561-404D-820C-B5A07A660D23}.Debug|Any CPU.Build.0 = Debug|Any CPU
		{19AEBD3B-7561-404D-820C-B5A07A660D23}.Release|Any CPU.ActiveCfg = Release|Any CPU
		{19AEBD3B-7561-404D-820C-B5A07A660D23}.Release|Any CPU.Build.0 = Release|Any CPU
	EndGlobalSection
	GlobalSection(SolutionProperties) = preSolution
		HideSolutionNode = FALSE
	EndGlobalSection
	GlobalSection(ExtensibilityGlobals) = postSolution
		SolutionGuid = {0372A68E-AFED-4950-876A-7FD3815912A1}
	EndGlobalSection
EndGlobal
